
Microsoft Visual Studio Solution File, Format Version 12.00
# Visual Studio Version 17
VisualStudioVersion = 17.11.35327.3
MinimumVisualStudioVersion = 10.0.40219.1
Project("{9A19103F-16F7-4668-BE54-9A1E7A4F7556}") = "TaylorWessing.DAL", "TaylorWessing.DAL\TaylorWessing.DAL.csproj", "{70577758-5BC1-4B55-8160-AD065A0C00BD}"
EndProject
Project("{9A19103F-16F7-4668-BE54-9A1E7A4F7556}") = "TaylorWessing.Web", "TaylorWessing.Web\TaylorWessing.Web.csproj", "{FFB3BE18-15B7-446E-B792-B148CAC11646}"
EndProject
Project("{9A19103F-16F7-4668-BE54-9A1E7A4F7556}") = "TaylorWessing.API", "TaylorWessing.API\TaylorWessing.API.csproj", "{DCF01478-CCE0-4764-AF85-F7864138085B}"
EndProject
Project("{9A19103F-16F7-4668-BE54-9A1E7A4F7556}") = "TaylorWessing.Model", "TaylorWessing.Model\TaylorWessing.Model.csproj", "{5EB37EA1-4B42-48B1-B7E4-710F561CD0C1}"
EndProject
Project("{9A19103F-16F7-4668-BE54-9A1E7A4F7556}") = "TaylorWessing.Log", "TaylorWessing.Log\TaylorWessing.Log.csproj", "{6B83564B-5024-47FE-B36D-0D0D4594DB2B}"
EndProject
Global
	GlobalSection(SolutionConfigurationPlatforms) = preSolution
		Debug|Any CPU = Debug|Any CPU
		Release|Any CPU = Release|Any CPU
	EndGlobalSection
	GlobalSection(ProjectConfigurationPlatforms) = postSolution
		{70577758-5BC1-4B55-8160-AD065A0C00BD}.Debug|Any CPU.ActiveCfg = Debug|Any CPU
		{70577758-5BC1-4B55-8160-AD065A0C00BD}.Debug|Any CPU.Build.0 = Debug|Any CPU
		{70577758-5BC1-4B55-8160-AD065A0C00BD}.Release|Any CPU.ActiveCfg = Release|Any CPU
		{70577758-5BC1-4B55-8160-AD065A0C00BD}.Release|Any CPU.Build.0 = Release|Any CPU
		{FFB3BE18-15B7-446E-B792-B148CAC11646}.Debug|Any CPU.ActiveCfg = Debug|Any CPU
		{FFB3BE18-15B7-446E-B792-B148CAC11646}.Debug|Any CPU.Build.0 = Debug|Any CPU
		{FFB3BE18-15B7-446E-B792-B148CAC11646}.Release|Any CPU.ActiveCfg = Release|Any CPU
		{FFB3BE18-15B7-446E-B792-B148CAC11646}.Release|Any CPU.Build.0 = Release|Any CPU
		{DCF01478-CCE0-4764-AF85-F7864138085B}.Debug|Any CPU.ActiveCfg = Debug|Any CPU
		{DCF01478-CCE0-4764-AF85-F7864138085B}.Debug|Any CPU.Build.0 = Debug|Any CPU
		{DCF01478-CCE0-4764-AF85-F7864138085B}.Release|Any CPU.ActiveCfg = Release|Any CPU
		{DCF01478-CCE0-4764-AF85-F7864138085B}.Release|Any CPU.Build.0 = Release|Any CPU
		{5EB37EA1-4B42-48B1-B7E4-710F561CD0C1}.Debug|Any CPU.ActiveCfg = Debug|Any CPU
		{5EB37EA1-4B42-48B1-B7E4-710F561CD0C1}.Debug|Any CPU.Build.0 = Debug|Any CPU
		{5EB37EA1-4B42-48B1-B7E4-710F561CD0C1}.Release|Any CPU.ActiveCfg = Release|Any CPU
		{5EB37EA1-4B42-48B1-B7E4-710F561CD0C1}.Release|Any CPU.Build.0 = Release|Any CPU
		{6B83564B-5024-47FE-B36D-0D0D4594DB2B}.Debug|Any CPU.ActiveCfg = Debug|Any CPU
		{6B83564B-5024-47FE-B36D-0D0D4594DB2B}.Debug|Any CPU.Build.0 = Debug|Any CPU
		{6B83564B-5024-47FE-B36D-0D0D4594DB2B}.Release|Any CPU.ActiveCfg = Release|Any CPU
		{6B83564B-5024-47FE-B36D-0D0D4594DB2B}.Release|Any CPU.Build.0 = Release|Any CPU
	EndGlobalSection
	GlobalSection(SolutionProperties) = preSolution
		HideSolutionNode = FALSE
	EndGlobalSection
	GlobalSection(ExtensibilityGlobals) = postSolution
		SolutionGuid = {46E88AD4-306A-4D8B-8C16-6B047D3699D9}
	EndGlobalSection
EndGlobal
